
Microsoft Visual Studio Solution File, Format Version 12.00
# Visual Studio Version 16
VisualStudioVersion = 16.0.30523.141
MinimumVisualStudioVersion = 10.0.40219.1
Project("{FAE04EC0-301F-11D3-BF4B-00C04F79EFBC}") = "Electricity", "Electricity\Electricity.csproj", "{78F0AAB4-AD55-45C5-9AD4-5B10CFE8F67F}"
EndProject
Global
	GlobalSection(SolutionConfigurationPlatforms) = preSolution
		Debug|Any CPU = Debug|Any CPU
		Release|Any CPU = Release|Any CPU
	EndGlobalSection
	GlobalSection(ProjectConfigurationPlatforms) = postSolution
		{78F0AAB4-AD55-45C5-9AD4-5B10CFE8F67F}.Debug|Any CPU.ActiveCfg = Debug|Any CPU
		{78F0AAB4-AD55-45C5-9AD4-5B10CFE8F67F}.Debug|Any CPU.Build.0 = Debug|Any CPU
		{78F0AAB4-AD55-45C5-9AD4-5B10CFE8F67F}.Release|Any CPU.ActiveCfg = Release|Any CPU
		{78F0AAB4-AD55-45C5-9AD4-5B10CFE8F67F}.Release|Any CPU.Build.0 = Release|Any CPU
	EndGlobalSection
	GlobalSection(SolutionProperties) = preSolution
		HideSolutionNode = FALSE
	EndGlobalSection
	GlobalSection(ExtensibilityGlobals) = postSolution
		SolutionGuid = {9ED4D989-ACC9-47AC-87AC-BFD732A7A755}
	EndGlobalSection
EndGlobal
